
Microsoft Visual Studio Solution File, Format Version 12.00
# Visual Studio Version 17
VisualStudioVersion = 17.4.33205.214
MinimumVisualStudioVersion = 10.0.40219.1
Project("{FAE04EC0-301F-11D3-BF4B-00C04F79EFBC}") = "Crud-back", "Crud-back.csproj", "{39A8D79E-F628-4909-85A5-583286A7DD29}"
EndProject
Global
	GlobalSection(SolutionConfigurationPlatforms) = preSolution
		Debug|Any CPU = Debug|Any CPU
		Release|Any CPU = Release|Any CPU
	EndGlobalSection
	GlobalSection(ProjectConfigurationPlatforms) = postSolution
		{39A8D79E-F628-4909-85A5-583286A7DD29}.Debug|Any CPU.ActiveCfg = Debug|Any CPU
		{39A8D79E-F628-4909-85A5-583286A7DD29}.Debug|Any CPU.Build.0 = Debug|Any CPU
		{39A8D79E-F628-4909-85A5-583286A7DD29}.Release|Any CPU.ActiveCfg = Release|Any CPU
		{39A8D79E-F628-4909-85A5-583286A7DD29}.Release|Any CPU.Build.0 = Release|Any CPU
	EndGlobalSection
	GlobalSection(SolutionProperties) = preSolution
		HideSolutionNode = FALSE
	EndGlobalSection
	GlobalSection(ExtensibilityGlobals) = postSolution
		SolutionGuid = {3865394E-886F-4156-90FF-B1F7EAEE0D0D}
	EndGlobalSection
EndGlobal
